// !$*UTF8*$!
{
	archiveVersion = 1;
	classes = {
	};
	objectVersion = 55;
	objects = {

/* Begin PBXBuildFile section */
		03B9058E27E8F5B1009A66F7 /* ConnectFourGameApp.swift in Sources */ = {isa = PBXBuildFile; fileRef = 03B9058D27E8F5B1009A66F7 /* ConnectFourGameApp.swift */; };
		03B9059027E8F5B1009A66F7 /* ContentView.swift in Sources */ = {isa = PBXBuildFile; fileRef = 03B9058F27E8F5B1009A66F7 /* ContentView.swift */; };
		03B9059227E8F5B2009A66F7 /* Assets.xcassets in Resources */ = {isa = PBXBuildFile; fileRef = 03B9059127E8F5B2009A66F7 /* Assets.xcassets */; };
		03B9059527E8F5B2009A66F7 /* Preview Assets.xcassets in Resources */ = {isa = PBXBuildFile; fileRef = 03B9059427E8F5B2009A66F7 /* Preview Assets.xcassets */; };
		03B9059F27E8F5B2009A66F7 /* ConnectFourGameTests.swift in Sources */ = {isa = PBXBuildFile; fileRef = 03B9059E27E8F5B2009A66F7 /* ConnectFourGameTests.swift */; };
		03B905A927E8F5B2009A66F7 /* ConnectFourGameUITests.swift in Sources */ = {isa = PBXBuildFile; fileRef = 03B905A827E8F5B2009A66F7 /* ConnectFourGameUITests.swift */; };
		03B905AB27E8F5B2009A66F7 /* ConnectFourGameUITestsLaunchTests.swift in Sources */ = {isa = PBXBuildFile; fileRef = 03B905AA27E8F5B2009A66F7 /* ConnectFourGameUITestsLaunchTests.swift */; };
/* End PBXBuildFile section */

/* Begin PBXContainerItemProxy section */
		03B9059B27E8F5B2009A66F7 /* PBXContainerItemProxy */ = {
			isa = PBXContainerItemProxy;
			containerPortal = 03B9058227E8F5B1009A66F7 /* Project object */;
			proxyType = 1;
			remoteGlobalIDString = 03B9058927E8F5B1009A66F7;
			remoteInfo = ConnectFourGame;
		};
		03B905A527E8F5B2009A66F7 /* PBXContainerItemProxy */ = {
			isa = PBXContainerItemProxy;
			containerPortal = 03B9058227E8F5B1009A66F7 /* Project object */;
			proxyType = 1;
			remoteGlobalIDString = 03B9058927E8F5B1009A66F7;
			remoteInfo = ConnectFourGame;
		};
/* End PBXContainerItemProxy section */

/* Begin PBXFileReference section */
		03B9058A27E8F5B1009A66F7 /* ConnectFourGame.app */ = {isa = PBXFileReference; explicitFileType = wrapper.application; includeInIndex = 0; path = ConnectFourGame.app; sourceTree = BUILT_PRODUCTS_DIR; };
		03B9058D27E8F5B1009A66F7 /* ConnectFourGameApp.swift */ = {isa = PBXFileReference; lastKnownFileType = sourcecode.swift; path = ConnectFourGameApp.swift; sourceTree = "<group>"; };
		03B9058F27E8F5B1009A66F7 /* ContentView.swift */ = {isa = PBXFileReference; lastKnownFileType = sourcecode.swift; path = ContentView.swift; sourceTree = "<group>"; };
		03B9059127E8F5B2009A66F7 /* Assets.xcassets */ = {isa = PBXFileReference; lastKnownFileType = folder.assetcatalog; path = Assets.xcassets; sourceTree = "<group>"; };
		03B9059427E8F5B2009A66F7 /* Preview Assets.xcassets */ = {isa = PBXFileReference; lastKnownFileType = folder.assetcatalog; path = "Preview Assets.xcassets"; sourceTree = "<group>"; };
		03B9059A27E8F5B2009A66F7 /* ConnectFourGameTests.xctest */ = {isa = PBXFileReference; explicitFileType = wrapper.cfbundle; includeInIndex = 0; path = ConnectFourGameTests.xctest; sourceTree = BUILT_PRODUCTS_DIR; };
		03B9059E27E8F5B2009A66F7 /* ConnectFourGameTests.swift */ = {isa = PBXFileReference; lastKnownFileType = sourcecode.swift; path = ConnectFourGameTests.swift; sourceTree = "<group>"; };
		03B905A427E8F5B2009A66F7 /* ConnectFourGameUITests.xctest */ = {isa = PBXFileReference; explicitFileType = wrapper.cfbundle; includeInIndex = 0; path = ConnectFourGameUITests.xctest; sourceTree = BUILT_PRODUCTS_DIR; };
		03B905A827E8F5B2009A66F7 /* ConnectFourGameUITests.swift */ = {isa = PBXFileReference; lastKnownFileType = sourcecode.swift; path = ConnectFourGameUITests.swift; sourceTree = "<group>"; };
		03B905AA27E8F5B2009A66F7 /* ConnectFourGameUITestsLaunchTests.swift */ = {isa = PBXFileReference; lastKnownFileType = sourcecode.swift; path = ConnectFourGameUITestsLaunchTests.swift; sourceTree = "<group>"; };
/* End PBXFileReference section */

/* Begin PBXFrameworksBuildPhase section */
		03B9058727E8F5B1009A66F7 /* Frameworks */ = {
			isa = PBXFrameworksBuildPhase;
			buildActionMask = 2147483647;
			files = (
			);
			runOnlyForDeploymentPostprocessing = 0;
		};
		03B9059727E8F5B2009A66F7 /* Frameworks */ = {
			isa = PBXFrameworksBuildPhase;
			buildActionMask = 2147483647;
			files = (
			);
			runOnlyForDeploymentPostprocessing = 0;
		};
		03B905A127E8F5B2009A66F7 /* Frameworks */ = {
			isa = PBXFrameworksBuildPhase;
			buildActionMask = 2147483647;
			files = (
			);
			runOnlyForDeploymentPostprocessing = 0;
		};
/* End PBXFrameworksBuildPhase section */

/* Begin PBXGroup section */
		03B9058127E8F5B1009A66F7 = {
			isa = PBXGroup;
			children = (
				03B9058C27E8F5B1009A66F7 /* ConnectFourGame */,
				03B9059D27E8F5B2009A66F7 /* ConnectFourGameTests */,
				03B905A727E8F5B2009A66F7 /* ConnectFourGameUITests */,
				03B9058B27E8F5B1009A66F7 /* Products */,
			);
			sourceTree = "<group>";
		};
		03B9058B27E8F5B1009A66F7 /* Products */ = {
			isa = PBXGroup;
			children = (
				03B9058A27E8F5B1009A66F7 /* ConnectFourGame.app */,
				03B9059A27E8F5B2009A66F7 /* ConnectFourGameTests.xctest */,
				03B905A427E8F5B2009A66F7 /* ConnectFourGameUITests.xctest */,
			);
			name = Products;
			sourceTree = "<group>";
		};
		03B9058C27E8F5B1009A66F7 /* ConnectFourGame */ = {
			isa = PBXGroup;
			children = (
				03B9058D27E8F5B1009A66F7 /* ConnectFourGameApp.swift */,
				03B9058F27E8F5B1009A66F7 /* ContentView.swift */,
				03B9059127E8F5B2009A66F7 /* Assets.xcassets */,
				03B9059327E8F5B2009A66F7 /* Preview Content */,
			);
			path = ConnectFourGame;
			sourceTree = "<group>";
		};
		03B9059327E8F5B2009A66F7 /* Preview Content */ = {
			isa = PBXGroup;
			children = (
				03B9059427E8F5B2009A66F7 /* Preview Assets.xcassets */,
			);
			path = "Preview Content";
			sourceTree = "<group>";
		};
		03B9059D27E8F5B2009A66F7 /* ConnectFourGameTests */ = {
			isa = PBXGroup;
			children = (
				03B9059E27E8F5B2009A66F7 /* ConnectFourGameTests.swift */,
			);
			path = ConnectFourGameTests;
			sourceTree = "<group>";
		};
		03B905A727E8F5B2009A66F7 /* ConnectFourGameUITests */ = {
			isa = PBXGroup;
			children = (
				03B905A827E8F5B2009A66F7 /* ConnectFourGameUITests.swift */,
				03B905AA27E8F5B2009A66F7 /* ConnectFourGameUITestsLaunchTests.swift */,
			);
			path = ConnectFourGameUITests;
			sourceTree = "<group>";
		};
/* End PBXGroup section */

/* Begin PBXNativeTarget section */
		03B9058927E8F5B1009A66F7 /* ConnectFourGame */ = {
			isa = PBXNativeTarget;
			buildConfigurationList = 03B905AE27E8F5B2009A66F7 /* Build configuration list for PBXNativeTarget "ConnectFourGame" */;
			buildPhases = (
				03B9058627E8F5B1009A66F7 /* Sources */,
				03B9058727E8F5B1009A66F7 /* Frameworks */,
				03B9058827E8F5B1009A66F7 /* Resources */,
			);
			buildRules = (
			);
			dependencies = (
			);
			name = ConnectFourGame;
			productName = ConnectFourGame;
			productReference = 03B9058A27E8F5B1009A66F7 /* ConnectFourGame.app */;
			productType = "com.apple.product-type.application";
		};
		03B9059927E8F5B2009A66F7 /* ConnectFourGameTests */ = {
			isa = PBXNativeTarget;
			buildConfigurationList = 03B905B127E8F5B2009A66F7 /* Build configuration list for PBXNativeTarget "ConnectFourGameTests" */;
			buildPhases = (
				03B9059627E8F5B2009A66F7 /* Sources */,
				03B9059727E8F5B2009A66F7 /* Frameworks */,
				03B9059827E8F5B2009A66F7 /* Resources */,
			);
			buildRules = (
			);
			dependencies = (
				03B9059C27E8F5B2009A66F7 /* PBXTargetDependency */,
			);
			name = ConnectFourGameTests;
			productName = ConnectFourGameTests;
			productReference = 03B9059A27E8F5B2009A66F7 /* ConnectFourGameTests.xctest */;
			productType = "com.apple.product-type.bundle.unit-test";
		};
		03B905A327E8F5B2009A66F7 /* ConnectFourGameUITests */ = {
			isa = PBXNativeTarget;
			buildConfigurationList = 03B905B427E8F5B2009A66F7 /* Build configuration list for PBXNativeTarget "ConnectFourGameUITests" */;
			buildPhases = (
				03B905A027E8F5B2009A66F7 /* Sources */,
				03B905A127E8F5B2009A66F7 /* Frameworks */,
				03B905A227E8F5B2009A66F7 /* Resources */,
			);
			buildRules = (
			);
			dependencies = (
				03B905A627E8F5B2009A66F7 /* PBXTargetDependency */,
			);
			name = ConnectFourGameUITests;
			productName = ConnectFourGameUITests;
			productReference = 03B905A427E8F5B2009A66F7 /* ConnectFourGameUITests.xctest */;
			productType = "com.apple.product-type.bundle.ui-testing";
		};
/* End PBXNativeTarget section */

/* Begin PBXProject section */
		03B9058227E8F5B1009A66F7 /* Project object */ = {
			isa = PBXProject;
			attributes = {
				BuildIndependentTargetsInParallel = 1;
				LastSwiftUpdateCheck = 1330;
				LastUpgradeCheck = 1330;
				TargetAttributes = {
					03B9058927E8F5B1009A66F7 = {
						CreatedOnToolsVersion = 13.3;
					};
					03B9059927E8F5B2009A66F7 = {
						CreatedOnToolsVersion = 13.3;
						TestTargetID = 03B9058927E8F5B1009A66F7;
					};
					03B905A327E8F5B2009A66F7 = {
						CreatedOnToolsVersion = 13.3;
						TestTargetID = 03B9058927E8F5B1009A66F7;
					};
				};
			};
			buildConfigurationList = 03B9058527E8F5B1009A66F7 /* Build configuration list for PBXProject "ConnectFourGame" */;
			compatibilityVersion = "Xcode 13.0";
			developmentRegion = en;
			hasScannedForEncodings = 0;
			knownRegions = (
				en,
				Base,
			);
			mainGroup = 03B9058127E8F5B1009A66F7;
			productRefGroup = 03B9058B27E8F5B1009A66F7 /* Products */;
			projectDirPath = "";
			projectRoot = "";
			targets = (
				03B9058927E8F5B1009A66F7 /* ConnectFourGame */,
				03B9059927E8F5B2009A66F7 /* ConnectFourGameTests */,
				03B905A327E8F5B2009A66F7 /* ConnectFourGameUITests */,
			);
		};
/* End PBXProject section */

/* Begin PBXResourcesBuildPhase section */
		03B9058827E8F5B1009A66F7 /* Resources */ = {
			isa = PBXResourcesBuildPhase;
			buildActionMask = 2147483647;
			files = (
				03B9059527E8F5B2009A66F7 /* Preview Assets.xcassets in Resources */,
				03B9059227E8F5B2009A66F7 /* Assets.xcassets in Resources */,
			);
			runOnlyForDeploymentPostprocessing = 0;
		};
		03B9059827E8F5B2009A66F7 /* Resources */ = {
			isa = PBXResourcesBuildPhase;
			buildActionMask = 2147483647;
			files = (
			);
			runOnlyForDeploymentPostprocessing = 0;
		};
		03B905A227E8F5B2009A66F7 /* Resources */ = {
			isa = PBXResourcesBuildPhase;
			buildActionMask = 2147483647;
			files = (
			);
			runOnlyForDeploymentPostprocessing = 0;
		};
/* End PBXResourcesBuildPhase section */

/* Begin PBXSourcesBuildPhase section */
		03B9058627E8F5B1009A66F7 /* Sources */ = {
			isa = PBXSourcesBuildPhase;
			buildActionMask = 2147483647;
			files = (
				03B9059027E8F5B1009A66F7 /* ContentView.swift in Sources */,
				03B9058E27E8F5B1009A66F7 /* ConnectFourGameApp.swift in Sources */,
			);
			runOnlyForDeploymentPostprocessing = 0;
		};
		03B9059627E8F5B2009A66F7 /* Sources */ = {
			isa = PBXSourcesBuildPhase;
			buildActionMask = 2147483647;
			files = (
				03B9059F27E8F5B2009A66F7 /* ConnectFourGameTests.swift in Sources */,
			);
			runOnlyForDeploymentPostprocessing = 0;
		};
		03B905A027E8F5B2009A66F7 /* Sources */ = {
			isa = PBXSourcesBuildPhase;
			buildActionMask = 2147483647;
			files = (
				03B905A927E8F5B2009A66F7 /* ConnectFourGameUITests.swift in Sources */,
				03B905AB27E8F5B2009A66F7 /* ConnectFourGameUITestsLaunchTests.swift in Sources */,
			);
			runOnlyForDeploymentPostprocessing = 0;
		};
/* End PBXSourcesBuildPhase section */

/* Begin PBXTargetDependency section */
		03B9059C27E8F5B2009A66F7 /* PBXTargetDependency */ = {
			isa = PBXTargetDependency;
			target = 03B9058927E8F5B1009A66F7 /* ConnectFourGame */;
			targetProxy = 03B9059B27E8F5B2009A66F7 /* PBXContainerItemProxy */;
		};
		03B905A627E8F5B2009A66F7 /* PBXTargetDependency */ = {
			isa = PBXTargetDependency;
			target = 03B9058927E8F5B1009A66F7 /* ConnectFourGame */;
			targetProxy = 03B905A527E8F5B2009A66F7 /* PBXContainerItemProxy */;
		};
/* End PBXTargetDependency section */

/* Begin XCBuildConfiguration section */
		03B905AC27E8F5B2009A66F7 /* Debug */ = {
			isa = XCBuildConfiguration;
			buildSettings = {
				ALWAYS_SEARCH_USER_PATHS = NO;
				CLANG_ANALYZER_NONNULL = YES;
				CLANG_ANALYZER_NUMBER_OBJECT_CONVERSION = YES_AGGRESSIVE;
				CLANG_CXX_LANGUAGE_STANDARD = "gnu++17";
				CLANG_ENABLE_MODULES = YES;
				CLANG_ENABLE_OBJC_ARC = YES;
				CLANG_ENABLE_OBJC_WEAK = YES;
				CLANG_WARN_BLOCK_CAPTURE_AUTORELEASING = YES;
				CLANG_WARN_BOOL_CONVERSION = YES;
				CLANG_WARN_COMMA = YES;
				CLANG_WARN_CONSTANT_CONVERSION = YES;
				CLANG_WARN_DEPRECATED_OBJC_IMPLEMENTATIONS = YES;
				CLANG_WARN_DIRECT_OBJC_ISA_USAGE = YES_ERROR;
				CLANG_WARN_DOCUMENTATION_COMMENTS = YES;
				CLANG_WARN_EMPTY_BODY = YES;
				CLANG_WARN_ENUM_CONVERSION = YES;
				CLANG_WARN_INFINITE_RECURSION = YES;
				CLANG_WARN_INT_CONVERSION = YES;
				CLANG_WARN_NON_LITERAL_NULL_CONVERSION = YES;
				CLANG_WARN_OBJC_IMPLICIT_RETAIN_SELF = YES;
				CLANG_WARN_OBJC_LITERAL_CONVERSION = YES;
				CLANG_WARN_OBJC_ROOT_CLASS = YES_ERROR;
				CLANG_WARN_QUOTED_INCLUDE_IN_FRAMEWORK_HEADER = YES;
				CLANG_WARN_RANGE_LOOP_ANALYSIS = YES;
				CLANG_WARN_STRICT_PROTOTYPES = YES;
				CLANG_WARN_SUSPICIOUS_MOVE = YES;
				CLANG_WARN_UNGUARDED_AVAILABILITY = YES_AGGRESSIVE;
				CLANG_WARN_UNREACHABLE_CODE = YES;
				CLANG_WARN__DUPLICATE_METHOD_MATCH = YES;
				COPY_PHASE_STRIP = NO;
				DEBUG_INFORMATION_FORMAT = dwarf;
				ENABLE_STRICT_OBJC_MSGSEND = YES;
				ENABLE_TESTABILITY = YES;
				GCC_C_LANGUAGE_STANDARD = gnu11;
				GCC_DYNAMIC_NO_PIC = NO;
				GCC_NO_COMMON_BLOCKS = YES;
				GCC_OPTIMIZATION_LEVEL = 0;
				GCC_PREPROCESSOR_DEFINITIONS = (
					"DEBUG=1",
					"$(inherited)",
				);
				GCC_WARN_64_TO_32_BIT_CONVERSION = YES;
				GCC_WARN_ABOUT_RETURN_TYPE = YES_ERROR;
				GCC_WARN_UNDECLARED_SELECTOR = YES;
				GCC_WARN_UNINITIALIZED_AUTOS = YES_AGGRESSIVE;
				GCC_WARN_UNUSED_FUNCTION = YES;
				GCC_WARN_UNUSED_VARIABLE = YES;
				IPHONEOS_DEPLOYMENT_TARGET = 15.4;
				MTL_ENABLE_DEBUG_INFO = INCLUDE_SOURCE;
				MTL_FAST_MATH = YES;
				ONLY_ACTIVE_ARCH = YES;
				SDKROOT = iphoneos;
				SWIFT_ACTIVE_COMPILATION_CONDITIONS = DEBUG;
				SWIFT_OPTIMIZATION_LEVEL = "-Onone";
			};
			name = Debug;
		};
		03B905AD27E8F5B2009A66F7 /* Release */ = {
			isa = XCBuildConfiguration;
			buildSettings = {
				ALWAYS_SEARCH_USER_PATHS = NO;
				CLANG_ANALYZER_NONNULL = YES;
				CLANG_ANALYZER_NUMBER_OBJECT_CONVERSION = YES_AGGRESSIVE;
				CLANG_CXX_LANGUAGE_STANDARD = "gnu++17";
				CLANG_ENABLE_MODULES = YES;
				CLANG_ENABLE_OBJC_ARC = YES;
				CLANG_ENABLE_OBJC_WEAK = YES;
				CLANG_WARN_BLOCK_CAPTURE_AUTORELEASING = YES;
				CLANG_WARN_BOOL_CONVERSION = YES;
				CLANG_WARN_COMMA = YES;
				CLANG_WARN_CONSTANT_CONVERSION = YES;
				CLANG_WARN_DEPRECATED_OBJC_IMPLEMENTATIONS = YES;
				CLANG_WARN_DIRECT_OBJC_ISA_USAGE = YES_ERROR;
				CLANG_WARN_DOCUMENTATION_COMMENTS = YES;
				CLANG_WARN_EMPTY_BODY = YES;
				CLANG_WARN_ENUM_CONVERSION = YES;
				CLANG_WARN_INFINITE_RECURSION = YES;
				CLANG_WARN_INT_CONVERSION = YES;
				CLANG_WARN_NON_LITERAL_NULL_CONVERSION = YES;
				CLANG_WARN_OBJC_IMPLICIT_RETAIN_SELF = YES;
				CLANG_WARN_OBJC_LITERAL_CONVERSION = YES;
				CLANG_WARN_OBJC_ROOT_CLASS = YES_ERROR;
				CLANG_WARN_QUOTED_INCLUDE_IN_FRAMEWORK_HEADER = YES;
				CLANG_WARN_RANGE_LOOP_ANALYSIS = YES;
				CLANG_WARN_STRICT_PROTOTYPES = YES;
				CLANG_WARN_SUSPICIOUS_MOVE = YES;
				CLANG_WARN_UNGUARDED_AVAILABILITY = YES_AGGRESSIVE;
				CLANG_WARN_UNREACHABLE_CODE = YES;
				CLANG_WARN__DUPLICATE_METHOD_MATCH = YES;
				COPY_PHASE_STRIP = NO;
				DEBUG_INFORMATION_FORMAT = "dwarf-with-dsym";
				ENABLE_NS_ASSERTIONS = NO;
				ENABLE_STRICT_OBJC_MSGSEND = YES;
				GCC_C_LANGUAGE_STANDARD = gnu11;
				GCC_NO_COMMON_BLOCKS = YES;
				GCC_WARN_64_TO_32_BIT_CONVERSION = YES;
				GCC_WARN_ABOUT_RETURN_TYPE = YES_ERROR;
				GCC_WARN_UNDECLARED_SELECTOR = YES;
				GCC_WARN_UNINITIALIZED_AUTOS = YES_AGGRESSIVE;
				GCC_WARN_UNUSED_FUNCTION = YES;
				GCC_WARN_UNUSED_VARIABLE = YES;
				IPHONEOS_DEPLOYMENT_TARGET = 15.4;
				MTL_ENABLE_DEBUG_INFO = NO;
				MTL_FAST_MATH = YES;
				SDKROOT = iphoneos;
				SWIFT_COMPILATION_MODE = wholemodule;
				SWIFT_OPTIMIZATION_LEVEL = "-O";
				VALIDATE_PRODUCT = YES;
			};
			name = Release;
		};
		03B905AF27E8F5B2009A66F7 /* Debug */ = {
			isa = XCBuildConfiguration;
			buildSettings = {
				ASSETCATALOG_COMPILER_APPICON_NAME = AppIcon;
				ASSETCATALOG_COMPILER_GLOBAL_ACCENT_COLOR_NAME = AccentColor;
				CODE_SIGN_STYLE = Automatic;
				CURRENT_PROJECT_VERSION = 1;
				DEVELOPMENT_ASSET_PATHS = "\"ConnectFourGame/Preview Content\"";
				ENABLE_PREVIEWS = YES;
				GENERATE_INFOPLIST_FILE = YES;
				INFOPLIST_KEY_UIApplicationSceneManifest_Generation = YES;
				INFOPLIST_KEY_UIApplicationSupportsIndirectInputEvents = YES;
				INFOPLIST_KEY_UILaunchScreen_Generation = YES;
				INFOPLIST_KEY_UISupportedInterfaceOrientations_iPad = "UIInterfaceOrientationPortrait UIInterfaceOrientationPortraitUpsideDown UIInterfaceOrientationLandscapeLeft UIInterfaceOrientationLandscapeRight";
				INFOPLIST_KEY_UISupportedInterfaceOrientations_iPhone = "UIInterfaceOrientationPortrait UIInterfaceOrientationLandscapeLeft UIInterfaceOrientationLandscapeRight";
				LD_RUNPATH_SEARCH_PATHS = (
					"$(inherited)",
					"@executable_path/Frameworks",
				);
				MARKETING_VERSION = 1.0;
				PRODUCT_BUNDLE_IDENTIFIER = com.ashlynn.ConnectFourGame;
				PRODUCT_NAME = "$(TARGET_NAME)";
				SWIFT_EMIT_LOC_STRINGS = YES;
				SWIFT_VERSION = 5.0;
				TARGETED_DEVICE_FAMILY = "1,2";
			};
			name = Debug;
		};
		03B905B027E8F5B2009A66F7 /* Release */ = {
			isa = XCBuildConfiguration;
			buildSettings = {
				ASSETCATALOG_COMPILER_APPICON_NAME = AppIcon;
				ASSETCATALOG_COMPILER_GLOBAL_ACCENT_COLOR_NAME = AccentColor;
				CODE_SIGN_STYLE = Automatic;
				CURRENT_PROJECT_VERSION = 1;
				DEVELOPMENT_ASSET_PATHS = "\"ConnectFourGame/Preview Content\"";
				ENABLE_PREVIEWS = YES;
				GENERATE_INFOPLIST_FILE = YES;
				INFOPLIST_KEY_UIApplicationSceneManifest_Generation = YES;
				INFOPLIST_KEY_UIApplicationSupportsIndirectInputEvents = YES;
				INFOPLIST_KEY_UILaunchScreen_Generation = YES;
				INFOPLIST_KEY_UISupportedInterfaceOrientations_iPad = "UIInterfaceOrientationPortrait UIInterfaceOrientationPortraitUpsideDown UIInterfaceOrientationLandscapeLeft UIInterfaceOrientationLandscapeRight";
				INFOPLIST_KEY_UISupportedInterfaceOrientations_iPhone = "UIInterfaceOrientationPortrait UIInterfaceOrientationLandscapeLeft UIInterfaceOrientationLandscapeRight";
				LD_RUNPATH_SEARCH_PATHS = (
					"$(inherited)",
					"@executable_path/Frameworks",
				);
				MARKETING_VERSION = 1.0;
				PRODUCT_BUNDLE_IDENTIFIER = com.ashlynn.ConnectFourGame;
				PRODUCT_NAME = "$(TARGET_NAME)";
				SWIFT_EMIT_LOC_STRINGS = YES;
				SWIFT_VERSION = 5.0;
				TARGETED_DEVICE_FAMILY = "1,2";
			};
			name = Release;
		};
		03B905B227E8F5B2009A66F7 /* Debug */ = {
			isa = XCBuildConfiguration;
			buildSettings = {
				ALWAYS_EMBED_SWIFT_STANDARD_LIBRARIES = YES;
				BUNDLE_LOADER = "$(TEST_HOST)";
				CODE_SIGN_STYLE = Automatic;
				CURRENT_PROJECT_VERSION = 1;
				GENERATE_INFOPLIST_FILE = YES;
				IPHONEOS_DEPLOYMENT_TARGET = 15.4;
				MARKETING_VERSION = 1.0;
				PRODUCT_BUNDLE_IDENTIFIER = com.ashlynn.ConnectFourGameTests;
				PRODUCT_NAME = "$(TARGET_NAME)";
				SWIFT_EMIT_LOC_STRINGS = NO;
				SWIFT_VERSION = 5.0;
				TARGETED_DEVICE_FAMILY = "1,2";
				TEST_HOST = "$(BUILT_PRODUCTS_DIR)/ConnectFourGame.app/ConnectFourGame";
			};
			name = Debug;
		};
		03B905B327E8F5B2009A66F7 /* Release */ = {
			isa = XCBuildConfiguration;
			buildSettings = {
				ALWAYS_EMBED_SWIFT_STANDARD_LIBRARIES = YES;
				BUNDLE_LOADER = "$(TEST_HOST)";
				CODE_SIGN_STYLE = Automatic;
				CURRENT_PROJECT_VERSION = 1;
				GENERATE_INFOPLIST_FILE = YES;
				IPHONEOS_DEPLOYMENT_TARGET = 15.4;
				MARKETING_VERSION = 1.0;
				PRODUCT_BUNDLE_IDENTIFIER = com.ashlynn.ConnectFourGameTests;
				PRODUCT_NAME = "$(TARGET_NAME)";
				SWIFT_EMIT_LOC_STRINGS = NO;
				SWIFT_VERSION = 5.0;
				TARGETED_DEVICE_FAMILY = "1,2";
				TEST_HOST = "$(BUILT_PRODUCTS_DIR)/ConnectFourGame.app/ConnectFourGame";
			};
			name = Release;
		};
		03B905B527E8F5B2009A66F7 /* Debug */ = {
			isa = XCBuildConfiguration;
			buildSettings = {
				ALWAYS_EMBED_SWIFT_STANDARD_LIBRARIES = YES;
				CODE_SIGN_STYLE = Automatic;
				CURRENT_PROJECT_VERSION = 1;
				GENERATE_INFOPLIST_FILE = YES;
				MARKETING_VERSION = 1.0;
				PRODUCT_BUNDLE_IDENTIFIER = com.ashlynn.ConnectFourGameUITests;
				PRODUCT_NAME = "$(TARGET_NAME)";
				SWIFT_EMIT_LOC_STRINGS = NO;
				SWIFT_VERSION = 5.0;
				TARGETED_DEVICE_FAMILY = "1,2";
				TEST_TARGET_NAME = ConnectFourGame;
			};
			name = Debug;
		};
		03B905B627E8F5B2009A66F7 /* Release */ = {
			isa = XCBuildConfiguration;
			buildSettings = {
				ALWAYS_EMBED_SWIFT_STANDARD_LIBRARIES = YES;
				CODE_SIGN_STYLE = Automatic;
				CURRENT_PROJECT_VERSION = 1;
				GENERATE_INFOPLIST_FILE = YES;
				MARKETING_VERSION = 1.0;
				PRODUCT_BUNDLE_IDENTIFIER = com.ashlynn.ConnectFourGameUITests;
				PRODUCT_NAME = "$(TARGET_NAME)";
				SWIFT_EMIT_LOC_STRINGS = NO;
				SWIFT_VERSION = 5.0;
				TARGETED_DEVICE_FAMILY = "1,2";
				TEST_TARGET_NAME = ConnectFourGame;
			};
			name = Release;
		};
/* End XCBuildConfiguration section */

/* Begin XCConfigurationList section */
		03B9058527E8F5B1009A66F7 /* Build configuration list for PBXProject "ConnectFourGame" */ = {
			isa = XCConfigurationList;
			buildConfigurations = (
				03B905AC27E8F5B2009A66F7 /* Debug */,
				03B905AD27E8F5B2009A66F7 /* Release */,
			);
			defaultConfigurationIsVisible = 0;
			defaultConfigurationName = Release;
		};
		03B905AE27E8F5B2009A66F7 /* Build configuration list for PBXNativeTarget "ConnectFourGame" */ = {
			isa = XCConfigurationList;
			buildConfigurations = (
				03B905AF27E8F5B2009A66F7 /* Debug */,
				03B905B027E8F5B2009A66F7 /* Release */,
			);
			defaultConfigurationIsVisible = 0;
			defaultConfigurationName = Release;
		};
		03B905B127E8F5B2009A66F7 /* Build configuration list for PBXNativeTarget "ConnectFourGameTests" */ = {
			isa = XCConfigurationList;
			buildConfigurations = (
				03B905B227E8F5B2009A66F7 /* Debug */,
				03B905B327E8F5B2009A66F7 /* Release */,
			);
			defaultConfigurationIsVisible = 0;
			defaultConfigurationName = Release;
		};
		03B905B427E8F5B2009A66F7 /* Build configuration list for PBXNativeTarget "ConnectFourGameUITests" */ = {
			isa = XCConfigurationList;
			buildConfigurations = (
				03B905B527E8F5B2009A66F7 /* Debug */,
				03B905B627E8F5B2009A66F7 /* Release */,
			);
			defaultConfigurationIsVisible = 0;
			defaultConfigurationName = Release;
		};
/* End XCConfigurationList section */
	};
	rootObject = 03B9058227E8F5B1009A66F7 /* Project object */;
}
